
Microsoft Visual Studio Solution File, Format Version 12.00
# Visual Studio 2012
Project("{FAE04EC0-301F-11D3-BF4B-00C04F79EFBC}") = "Shapes", "Shapes\Shapes.csproj", "{CF294052-B3A7-42F6-BB27-01A96DD6C708}"
EndProject
Project("{FAE04EC0-301F-11D3-BF4B-00C04F79EFBC}") = "BankOfKurtovoKonare", "BankOfKurtovoKonare\BankOfKurtovoKonare.csproj", "{BE617006-819A-4CDA-89F6-1E36E6F0B8A9}"
EndProject
Project("{FAE04EC0-301F-11D3-BF4B-00C04F79EFBC}") = "TheSlum", "..\4. Encapsulation-and-Polymorphism-Homework\TheSlum-Skeleton\TheSlum.csproj", "{7C6F7F25-2FDB-401F-B1A9-D8CE3BB7308D}"
EndProject
Global
	GlobalSection(SolutionConfigurationPlatforms) = preSolution
		Debug|Any CPU = Debug|Any CPU
		Release|Any CPU = Release|Any CPU
	EndGlobalSection
	GlobalSection(ProjectConfigurationPlatforms) = postSolution
		{CF294052-B3A7-42F6-BB27-01A96DD6C708}.Debug|Any CPU.ActiveCfg = Debug|Any CPU
		{CF294052-B3A7-42F6-BB27-01A96DD6C708}.Debug|Any CPU.Build.0 = Debug|Any CPU
		{CF294052-B3A7-42F6-BB27-01A96DD6C708}.Release|Any CPU.ActiveCfg = Release|Any CPU
		{CF294052-B3A7-42F6-BB27-01A96DD6C708}.Release|Any CPU.Build.0 = Release|Any CPU
		{BE617006-819A-4CDA-89F6-1E36E6F0B8A9}.Debug|Any CPU.ActiveCfg = Debug|Any CPU
		{BE617006-819A-4CDA-89F6-1E36E6F0B8A9}.Debug|Any CPU.Build.0 = Debug|Any CPU
		{BE617006-819A-4CDA-89F6-1E36E6F0B8A9}.Release|Any CPU.ActiveCfg = Release|Any CPU
		{BE617006-819A-4CDA-89F6-1E36E6F0B8A9}.Release|Any CPU.Build.0 = Release|Any CPU
		{7C6F7F25-2FDB-401F-B1A9-D8CE3BB7308D}.Debug|Any CPU.ActiveCfg = Debug|Any CPU
		{7C6F7F25-2FDB-401F-B1A9-D8CE3BB7308D}.Debug|Any CPU.Build.0 = Debug|Any CPU
		{7C6F7F25-2FDB-401F-B1A9-D8CE3BB7308D}.Release|Any CPU.ActiveCfg = Release|Any CPU
		{7C6F7F25-2FDB-401F-B1A9-D8CE3BB7308D}.Release|Any CPU.Build.0 = Release|Any CPU
	EndGlobalSection
	GlobalSection(SolutionProperties) = preSolution
		HideSolutionNode = FALSE
	EndGlobalSection
EndGlobal
