
Microsoft Visual Studio Solution File, Format Version 12.00
# Visual Studio 2012
Project("{FAE04EC0-301F-11D3-BF4B-00C04F79EFBC}") = "GalacticGPS", "GalacticGPS\GalacticGPS.csproj", "{BE53D246-56ED-42A8-8FF4-535CD3139DFA}"
EndProject
Project("{FAE04EC0-301F-11D3-BF4B-00C04F79EFBC}") = "FractionCalculator", "FractionCalculator\FractionCalculator.csproj", "{A884DFDA-9A04-4E8F-84B1-BB49D16EB382}"
EndProject
Project("{FAE04EC0-301F-11D3-BF4B-00C04F79EFBC}") = "GenericList", "GenericList\GenericList.csproj", "{EA78A075-A063-47A7-915B-CD22F6E413E1}"
EndProject
Global
	GlobalSection(SolutionConfigurationPlatforms) = preSolution
		Debug|Any CPU = Debug|Any CPU
		Release|Any CPU = Release|Any CPU
	EndGlobalSection
	GlobalSection(ProjectConfigurationPlatforms) = postSolution
		{BE53D246-56ED-42A8-8FF4-535CD3139DFA}.Debug|Any CPU.ActiveCfg = Debug|Any CPU
		{BE53D246-56ED-42A8-8FF4-535CD3139DFA}.Debug|Any CPU.Build.0 = Debug|Any CPU
		{BE53D246-56ED-42A8-8FF4-535CD3139DFA}.Release|Any CPU.ActiveCfg = Release|Any CPU
		{BE53D246-56ED-42A8-8FF4-535CD3139DFA}.Release|Any CPU.Build.0 = Release|Any CPU
		{A884DFDA-9A04-4E8F-84B1-BB49D16EB382}.Debug|Any CPU.ActiveCfg = Debug|Any CPU
		{A884DFDA-9A04-4E8F-84B1-BB49D16EB382}.Debug|Any CPU.Build.0 = Debug|Any CPU
		{A884DFDA-9A04-4E8F-84B1-BB49D16EB382}.Release|Any CPU.ActiveCfg = Release|Any CPU
		{A884DFDA-9A04-4E8F-84B1-BB49D16EB382}.Release|Any CPU.Build.0 = Release|Any CPU
		{EA78A075-A063-47A7-915B-CD22F6E413E1}.Debug|Any CPU.ActiveCfg = Debug|Any CPU
		{EA78A075-A063-47A7-915B-CD22F6E413E1}.Debug|Any CPU.Build.0 = Debug|Any CPU
		{EA78A075-A063-47A7-915B-CD22F6E413E1}.Release|Any CPU.ActiveCfg = Release|Any CPU
		{EA78A075-A063-47A7-915B-CD22F6E413E1}.Release|Any CPU.Build.0 = Release|Any CPU
	EndGlobalSection
	GlobalSection(SolutionProperties) = preSolution
		HideSolutionNode = FALSE
	EndGlobalSection
EndGlobal
